// !$*UTF8*$!
{
	archiveVersion = 1;
	classes = {
	};
	objectVersion = 56;
	objects = {

/* Begin PBXBuildFile section */
		FE1423AD29740F5C002EDE0E /* UltimatePortfolioFinalApp.swift in Sources */ = {isa = PBXBuildFile; fileRef = FE1423AC29740F5C002EDE0E /* UltimatePortfolioFinalApp.swift */; };
		FE1423AF29740F5C002EDE0E /* ContentView.swift in Sources */ = {isa = PBXBuildFile; fileRef = FE1423AE29740F5C002EDE0E /* ContentView.swift */; };
		FE1423B129740F5D002EDE0E /* Assets.xcassets in Resources */ = {isa = PBXBuildFile; fileRef = FE1423B029740F5D002EDE0E /* Assets.xcassets */; };
		FE1423B429740F5D002EDE0E /* Preview Assets.xcassets in Resources */ = {isa = PBXBuildFile; fileRef = FE1423B329740F5D002EDE0E /* Preview Assets.xcassets */; };
		FE1423BC2974103A002EDE0E /* Main.xcdatamodeld in Sources */ = {isa = PBXBuildFile; fileRef = FE1423BA2974103A002EDE0E /* Main.xcdatamodeld */; };
		FE1423BE29741183002EDE0E /* DataController.swift in Sources */ = {isa = PBXBuildFile; fileRef = FE1423BD29741183002EDE0E /* DataController.swift */; };
		FE190A192976D753009B0C1D /* UltimatePortfolioFinalTests.swift in Sources */ = {isa = PBXBuildFile; fileRef = FE190A182976D753009B0C1D /* UltimatePortfolioFinalTests.swift */; };
		FE190A202976D7B5009B0C1D /* ExtensionTest.swift in Sources */ = {isa = PBXBuildFile; fileRef = FE190A1F2976D7B5009B0C1D /* ExtensionTest.swift */; };
		FE190A2329770269009B0C1D /* DecodableDictionary.json in Resources */ = {isa = PBXBuildFile; fileRef = FE190A2229770269009B0C1D /* DecodableDictionary.json */; };
		FE190A25297702D4009B0C1D /* DecodableString.json in Resources */ = {isa = PBXBuildFile; fileRef = FE190A24297702D4009B0C1D /* DecodableString.json */; };
		FE190A2729770350009B0C1D /* PerformanceTest.swift in Sources */ = {isa = PBXBuildFile; fileRef = FE190A2629770350009B0C1D /* PerformanceTest.swift */; };
		FE190A2929770392009B0C1D /* DevelopementTest.swift in Sources */ = {isa = PBXBuildFile; fileRef = FE190A2829770392009B0C1D /* DevelopementTest.swift */; };
		FE190A2B2977C220009B0C1D /* AwardTests.swift in Sources */ = {isa = PBXBuildFile; fileRef = FE190A2A2977C220009B0C1D /* AwardTests.swift */; };
		FE190A2D2977DD4F009B0C1D /* AssetsTest.swift in Sources */ = {isa = PBXBuildFile; fileRef = FE190A2C2977DD4F009B0C1D /* AssetsTest.swift */; };
		FE190A3529789242009B0C1D /* UltimatePortfolioFinalUITests.swift in Sources */ = {isa = PBXBuildFile; fileRef = FE190A3429789242009B0C1D /* UltimatePortfolioFinalUITests.swift */; };
		FE190A3729789242009B0C1D /* UltimatePortfolioFinalUITestsLaunchTests.swift in Sources */ = {isa = PBXBuildFile; fileRef = FE190A3629789242009B0C1D /* UltimatePortfolioFinalUITestsLaunchTests.swift */; };
		FE6C8FCA2979EEB90059300A /* ProjectsViewModel.swift in Sources */ = {isa = PBXBuildFile; fileRef = FE6C8FC92979EEB90059300A /* ProjectsViewModel.swift */; };
		FE6C8FCC297B24810059300A /* HomeViewModel.swift in Sources */ = {isa = PBXBuildFile; fileRef = FE6C8FCB297B24810059300A /* HomeViewModel.swift */; };
		FE6C8FCE297BE0A60059300A /* ItemRowViewModell.swift in Sources */ = {isa = PBXBuildFile; fileRef = FE6C8FCD297BE0A60059300A /* ItemRowViewModell.swift */; };
		FECED14B2974343C00A47C92 /* EditItemView.swift in Sources */ = {isa = PBXBuildFile; fileRef = FECED14A2974343C00A47C92 /* EditItemView.swift */; };
		FECED14D297437ED00A47C92 /* ItemRowView.swift in Sources */ = {isa = PBXBuildFile; fileRef = FECED14C297437ED00A47C92 /* ItemRowView.swift */; };
		FECED14F29743CE000A47C92 /* Binding-OnChange.swift in Sources */ = {isa = PBXBuildFile; fileRef = FECED14E29743CE000A47C92 /* Binding-OnChange.swift */; };
		FECED1512974760300A47C92 /* Extensions-Sequence.swift in Sources */ = {isa = PBXBuildFile; fileRef = FECED1502974760300A47C92 /* Extensions-Sequence.swift */; };
		FECED1532974843D00A47C92 /* EditProjectView.swift in Sources */ = {isa = PBXBuildFile; fileRef = FECED1522974843D00A47C92 /* EditProjectView.swift */; };
		FECED155297484F500A47C92 /* ProjectHeaderView.swift in Sources */ = {isa = PBXBuildFile; fileRef = FECED154297484F500A47C92 /* ProjectHeaderView.swift */; };
		FECED1572974999200A47C92 /* SelectSomethingView.swift in Sources */ = {isa = PBXBuildFile; fileRef = FECED1562974999200A47C92 /* SelectSomethingView.swift */; };
		FECED15B29749D0B00A47C92 /* Bundle-Decodable.swift in Sources */ = {isa = PBXBuildFile; fileRef = FECED15A29749D0B00A47C92 /* Bundle-Decodable.swift */; };
		FECED15D29749DFB00A47C92 /* Award.swift in Sources */ = {isa = PBXBuildFile; fileRef = FECED15C29749DFB00A47C92 /* Award.swift */; };
		FECED15F29749E7600A47C92 /* AwardsView.swift in Sources */ = {isa = PBXBuildFile; fileRef = FECED15E29749E7600A47C92 /* AwardsView.swift */; };
		FECED1612974A56F00A47C92 /* Color-Aditions.swift in Sources */ = {isa = PBXBuildFile; fileRef = FECED1602974A56F00A47C92 /* Color-Aditions.swift */; };
		FECED1662975060E00A47C92 /* Localizable.strings in Resources */ = {isa = PBXBuildFile; fileRef = FECED1682975060E00A47C92 /* Localizable.strings */; };
		FECED16B2975063B00A47C92 /* Localizable.stringsdict in Resources */ = {isa = PBXBuildFile; fileRef = FECED16D2975063B00A47C92 /* Localizable.stringsdict */; };
		FECED174297508F500A47C92 /* Awards.json in Resources */ = {isa = PBXBuildFile; fileRef = FECED176297508F500A47C92 /* Awards.json */; };
		FECED17A29751A8500A47C92 /* ItemListView.swift in Sources */ = {isa = PBXBuildFile; fileRef = FECED17929751A8500A47C92 /* ItemListView.swift */; };
		FECED17D2975D5F300A47C92 /* ProjectSummaryView.swift in Sources */ = {isa = PBXBuildFile; fileRef = FECED17C2975D5F300A47C92 /* ProjectSummaryView.swift */; };
		FED7C8C829741EEE0027AFBA /* HomeView.swift in Sources */ = {isa = PBXBuildFile; fileRef = FED7C8C729741EEE0027AFBA /* HomeView.swift */; };
		FED7C8CA29741F780027AFBA /* ProjectsView.swift in Sources */ = {isa = PBXBuildFile; fileRef = FED7C8C929741F780027AFBA /* ProjectsView.swift */; };
		FED7C8CC297424600027AFBA /* Items-CoreData-Helpers.swift in Sources */ = {isa = PBXBuildFile; fileRef = FED7C8CB297424600027AFBA /* Items-CoreData-Helpers.swift */; };
		FED7C8CE297424B20027AFBA /* Projects-CoreData-Helpers.swift in Sources */ = {isa = PBXBuildFile; fileRef = FED7C8CD297424B20027AFBA /* Projects-CoreData-Helpers.swift */; };
/* End PBXBuildFile section */

/* Begin PBXContainerItemProxy section */
		FE190A1A2976D753009B0C1D /* PBXContainerItemProxy */ = {
			isa = PBXContainerItemProxy;
			containerPortal = FE1423A129740F5C002EDE0E /* Project object */;
			proxyType = 1;
			remoteGlobalIDString = FE1423A829740F5C002EDE0E;
			remoteInfo = UltimatePortfolioFinal;
		};
		FE190A3829789242009B0C1D /* PBXContainerItemProxy */ = {
			isa = PBXContainerItemProxy;
			containerPortal = FE1423A129740F5C002EDE0E /* Project object */;
			proxyType = 1;
			remoteGlobalIDString = FE1423A829740F5C002EDE0E;
			remoteInfo = UltimatePortfolioFinal;
		};
/* End PBXContainerItemProxy section */

/* Begin PBXFileReference section */
		FE1423A929740F5C002EDE0E /* UltimatePortfolioFinal.app */ = {isa = PBXFileReference; explicitFileType = wrapper.application; includeInIndex = 0; path = UltimatePortfolioFinal.app; sourceTree = BUILT_PRODUCTS_DIR; };
		FE1423AC29740F5C002EDE0E /* UltimatePortfolioFinalApp.swift */ = {isa = PBXFileReference; lastKnownFileType = sourcecode.swift; path = UltimatePortfolioFinalApp.swift; sourceTree = "<group>"; };
		FE1423AE29740F5C002EDE0E /* ContentView.swift */ = {isa = PBXFileReference; lastKnownFileType = sourcecode.swift; path = ContentView.swift; sourceTree = "<group>"; };
		FE1423B029740F5D002EDE0E /* Assets.xcassets */ = {isa = PBXFileReference; lastKnownFileType = folder.assetcatalog; path = Assets.xcassets; sourceTree = "<group>"; };
		FE1423B329740F5D002EDE0E /* Preview Assets.xcassets */ = {isa = PBXFileReference; lastKnownFileType = folder.assetcatalog; path = "Preview Assets.xcassets"; sourceTree = "<group>"; };
		FE1423BB2974103A002EDE0E /* Main.xcdatamodel */ = {isa = PBXFileReference; lastKnownFileType = wrapper.xcdatamodel; path = Main.xcdatamodel; sourceTree = "<group>"; };
		FE1423BD29741183002EDE0E /* DataController.swift */ = {isa = PBXFileReference; lastKnownFileType = sourcecode.swift; path = DataController.swift; sourceTree = "<group>"; };
		FE190A162976D753009B0C1D /* UltimatePortfolioFinalTests.xctest */ = {isa = PBXFileReference; explicitFileType = wrapper.cfbundle; includeInIndex = 0; path = UltimatePortfolioFinalTests.xctest; sourceTree = BUILT_PRODUCTS_DIR; };
		FE190A182976D753009B0C1D /* UltimatePortfolioFinalTests.swift */ = {isa = PBXFileReference; lastKnownFileType = sourcecode.swift; path = UltimatePortfolioFinalTests.swift; sourceTree = "<group>"; };
		FE190A1F2976D7B5009B0C1D /* ExtensionTest.swift */ = {isa = PBXFileReference; lastKnownFileType = sourcecode.swift; path = ExtensionTest.swift; sourceTree = "<group>"; };
		FE190A2229770269009B0C1D /* DecodableDictionary.json */ = {isa = PBXFileReference; lastKnownFileType = text.json; path = DecodableDictionary.json; sourceTree = "<group>"; };
		FE190A24297702D4009B0C1D /* DecodableString.json */ = {isa = PBXFileReference; lastKnownFileType = text.json; path = DecodableString.json; sourceTree = "<group>"; };
		FE190A2629770350009B0C1D /* PerformanceTest.swift */ = {isa = PBXFileReference; lastKnownFileType = sourcecode.swift; path = PerformanceTest.swift; sourceTree = "<group>"; };
		FE190A2829770392009B0C1D /* DevelopementTest.swift */ = {isa = PBXFileReference; lastKnownFileType = sourcecode.swift; path = DevelopementTest.swift; sourceTree = "<group>"; };
		FE190A2A2977C220009B0C1D /* AwardTests.swift */ = {isa = PBXFileReference; lastKnownFileType = sourcecode.swift; path = AwardTests.swift; sourceTree = "<group>"; };
		FE190A2C2977DD4F009B0C1D /* AssetsTest.swift */ = {isa = PBXFileReference; lastKnownFileType = sourcecode.swift; path = AssetsTest.swift; sourceTree = "<group>"; };
		FE190A3229789242009B0C1D /* UltimatePortfolioFinalUITests.xctest */ = {isa = PBXFileReference; explicitFileType = wrapper.cfbundle; includeInIndex = 0; path = UltimatePortfolioFinalUITests.xctest; sourceTree = BUILT_PRODUCTS_DIR; };
		FE190A3429789242009B0C1D /* UltimatePortfolioFinalUITests.swift */ = {isa = PBXFileReference; lastKnownFileType = sourcecode.swift; path = UltimatePortfolioFinalUITests.swift; sourceTree = "<group>"; };
		FE190A3629789242009B0C1D /* UltimatePortfolioFinalUITestsLaunchTests.swift */ = {isa = PBXFileReference; lastKnownFileType = sourcecode.swift; path = UltimatePortfolioFinalUITestsLaunchTests.swift; sourceTree = "<group>"; };
		FE6C8FC92979EEB90059300A /* ProjectsViewModel.swift */ = {isa = PBXFileReference; lastKnownFileType = sourcecode.swift; path = ProjectsViewModel.swift; sourceTree = "<group>"; };
		FE6C8FCB297B24810059300A /* HomeViewModel.swift */ = {isa = PBXFileReference; lastKnownFileType = sourcecode.swift; path = HomeViewModel.swift; sourceTree = "<group>"; };
		FE6C8FCD297BE0A60059300A /* ItemRowViewModell.swift */ = {isa = PBXFileReference; lastKnownFileType = sourcecode.swift; path = ItemRowViewModell.swift; sourceTree = "<group>"; };
		FECED14A2974343C00A47C92 /* EditItemView.swift */ = {isa = PBXFileReference; lastKnownFileType = sourcecode.swift; path = EditItemView.swift; sourceTree = "<group>"; };
		FECED14C297437ED00A47C92 /* ItemRowView.swift */ = {isa = PBXFileReference; lastKnownFileType = sourcecode.swift; path = ItemRowView.swift; sourceTree = "<group>"; };
		FECED14E29743CE000A47C92 /* Binding-OnChange.swift */ = {isa = PBXFileReference; lastKnownFileType = sourcecode.swift; path = "Binding-OnChange.swift"; sourceTree = "<group>"; };
		FECED1502974760300A47C92 /* Extensions-Sequence.swift */ = {isa = PBXFileReference; lastKnownFileType = sourcecode.swift; path = "Extensions-Sequence.swift"; sourceTree = "<group>"; };
		FECED1522974843D00A47C92 /* EditProjectView.swift */ = {isa = PBXFileReference; lastKnownFileType = sourcecode.swift; path = EditProjectView.swift; sourceTree = "<group>"; };
		FECED154297484F500A47C92 /* ProjectHeaderView.swift */ = {isa = PBXFileReference; lastKnownFileType = sourcecode.swift; path = ProjectHeaderView.swift; sourceTree = "<group>"; };
		FECED1562974999200A47C92 /* SelectSomethingView.swift */ = {isa = PBXFileReference; lastKnownFileType = sourcecode.swift; path = SelectSomethingView.swift; sourceTree = "<group>"; };
		FECED15A29749D0B00A47C92 /* Bundle-Decodable.swift */ = {isa = PBXFileReference; lastKnownFileType = sourcecode.swift; path = "Bundle-Decodable.swift"; sourceTree = "<group>"; };
		FECED15C29749DFB00A47C92 /* Award.swift */ = {isa = PBXFileReference; lastKnownFileType = sourcecode.swift; path = Award.swift; sourceTree = "<group>"; };
		FECED15E29749E7600A47C92 /* AwardsView.swift */ = {isa = PBXFileReference; lastKnownFileType = sourcecode.swift; path = AwardsView.swift; sourceTree = "<group>"; };
		FECED1602974A56F00A47C92 /* Color-Aditions.swift */ = {isa = PBXFileReference; lastKnownFileType = sourcecode.swift; path = "Color-Aditions.swift"; sourceTree = "<group>"; };
		FECED1672975060E00A47C92 /* en */ = {isa = PBXFileReference; lastKnownFileType = text.plist.strings; name = en; path = en.lproj/Localizable.strings; sourceTree = "<group>"; };
		FECED16A2975062200A47C92 /* hu */ = {isa = PBXFileReference; lastKnownFileType = text.plist.strings; name = hu; path = hu.lproj/Localizable.strings; sourceTree = "<group>"; };
		FECED16C2975063B00A47C92 /* en */ = {isa = PBXFileReference; lastKnownFileType = text.plist.stringsdict; name = en; path = en.lproj/Localizable.stringsdict; sourceTree = "<group>"; };
		FECED16F2975064400A47C92 /* hu */ = {isa = PBXFileReference; lastKnownFileType = text.plist.stringsdict; name = hu; path = hu.lproj/Localizable.stringsdict; sourceTree = "<group>"; };
		FECED175297508F500A47C92 /* en */ = {isa = PBXFileReference; lastKnownFileType = text.json; name = en; path = en.lproj/Awards.json; sourceTree = "<group>"; };
		FECED1782975097500A47C92 /* hu */ = {isa = PBXFileReference; lastKnownFileType = text.json; name = hu; path = hu.lproj/Awards.json; sourceTree = "<group>"; };
		FECED17929751A8500A47C92 /* ItemListView.swift */ = {isa = PBXFileReference; lastKnownFileType = sourcecode.swift; path = ItemListView.swift; sourceTree = "<group>"; };
		FECED17C2975D5F300A47C92 /* ProjectSummaryView.swift */ = {isa = PBXFileReference; lastKnownFileType = sourcecode.swift; path = ProjectSummaryView.swift; sourceTree = "<group>"; };
		FECED19A297660D500A47C92 /* README.md */ = {isa = PBXFileReference; lastKnownFileType = net.daringfireball.markdown; path = README.md; sourceTree = "<group>"; };
		FED7C8C729741EEE0027AFBA /* HomeView.swift */ = {isa = PBXFileReference; lastKnownFileType = sourcecode.swift; path = HomeView.swift; sourceTree = "<group>"; };
		FED7C8C929741F780027AFBA /* ProjectsView.swift */ = {isa = PBXFileReference; lastKnownFileType = sourcecode.swift; path = ProjectsView.swift; sourceTree = "<group>"; };
		FED7C8CB297424600027AFBA /* Items-CoreData-Helpers.swift */ = {isa = PBXFileReference; lastKnownFileType = sourcecode.swift; path = "Items-CoreData-Helpers.swift"; sourceTree = "<group>"; };
		FED7C8CD297424B20027AFBA /* Projects-CoreData-Helpers.swift */ = {isa = PBXFileReference; lastKnownFileType = sourcecode.swift; path = "Projects-CoreData-Helpers.swift"; sourceTree = "<group>"; };
		FED7C8CF29742D9F0027AFBA /* UltimatePortfolioFinal.entitlements */ = {isa = PBXFileReference; lastKnownFileType = text.plist.entitlements; path = UltimatePortfolioFinal.entitlements; sourceTree = "<group>"; };
		FED7C8D029742DA80027AFBA /* Info.plist */ = {isa = PBXFileReference; lastKnownFileType = text.plist.xml; path = Info.plist; sourceTree = "<group>"; };
/* End PBXFileReference section */

/* Begin PBXFrameworksBuildPhase section */
		FE1423A629740F5C002EDE0E /* Frameworks */ = {
			isa = PBXFrameworksBuildPhase;
			buildActionMask = 2147483647;
			files = (
			);
			runOnlyForDeploymentPostprocessing = 0;
		};
		FE190A132976D753009B0C1D /* Frameworks */ = {
			isa = PBXFrameworksBuildPhase;
			buildActionMask = 2147483647;
			files = (
			);
			runOnlyForDeploymentPostprocessing = 0;
		};
		FE190A2F29789242009B0C1D /* Frameworks */ = {
			isa = PBXFrameworksBuildPhase;
			buildActionMask = 2147483647;
			files = (
			);
			runOnlyForDeploymentPostprocessing = 0;
		};
/* End PBXFrameworksBuildPhase section */

/* Begin PBXGroup section */
		FE1423A029740F5C002EDE0E = {
			isa = PBXGroup;
			children = (
				FECED19A297660D500A47C92 /* README.md */,
				FE1423AB29740F5C002EDE0E /* UltimatePortfolioFinal */,
				FE190A172976D753009B0C1D /* UltimatePortfolioFinalTests */,
				FE190A3329789242009B0C1D /* UltimatePortfolioFinalUITests */,
				FE1423AA29740F5C002EDE0E /* Products */,
			);
			sourceTree = "<group>";
		};
		FE1423AA29740F5C002EDE0E /* Products */ = {
			isa = PBXGroup;
			children = (
				FE1423A929740F5C002EDE0E /* UltimatePortfolioFinal.app */,
				FE190A162976D753009B0C1D /* UltimatePortfolioFinalTests.xctest */,
				FE190A3229789242009B0C1D /* UltimatePortfolioFinalUITests.xctest */,
			);
			name = Products;
			sourceTree = "<group>";
		};
		FE1423AB29740F5C002EDE0E /* UltimatePortfolioFinal */ = {
			isa = PBXGroup;
			children = (
				FECED1A12976798000A47C92 /* Home */,
				FECED1A22976798A00A47C92 /* Projects */,
				FECED1A32976799900A47C92 /* Awards */,
				FECED1A0297672A800A47C92 /* Configurations */,
				FECED19E2976723800A47C92 /* Extension */,
				FECED19F2976724900A47C92 /* Localizations */,
				FE1423AC29740F5C002EDE0E /* UltimatePortfolioFinalApp.swift */,
				FE1423BD29741183002EDE0E /* DataController.swift */,
				FE1423AE29740F5C002EDE0E /* ContentView.swift */,
				FE1423B029740F5D002EDE0E /* Assets.xcassets */,
				FE1423B229740F5D002EDE0E /* Preview Content */,
			);
			path = UltimatePortfolioFinal;
			sourceTree = "<group>";
		};
		FE1423B229740F5D002EDE0E /* Preview Content */ = {
			isa = PBXGroup;
			children = (
				FE1423B329740F5D002EDE0E /* Preview Assets.xcassets */,
			);
			path = "Preview Content";
			sourceTree = "<group>";
		};
		FE190A172976D753009B0C1D /* UltimatePortfolioFinalTests */ = {
			isa = PBXGroup;
			children = (
				FE190A212977020F009B0C1D /* Fixtures */,
				FE190A182976D753009B0C1D /* UltimatePortfolioFinalTests.swift */,
				FE190A1F2976D7B5009B0C1D /* ExtensionTest.swift */,
				FE190A2629770350009B0C1D /* PerformanceTest.swift */,
				FE190A2829770392009B0C1D /* DevelopementTest.swift */,
				FE190A2A2977C220009B0C1D /* AwardTests.swift */,
				FE190A2C2977DD4F009B0C1D /* AssetsTest.swift */,
			);
			path = UltimatePortfolioFinalTests;
			sourceTree = "<group>";
		};
		FE190A212977020F009B0C1D /* Fixtures */ = {
			isa = PBXGroup;
			children = (
				FE190A2229770269009B0C1D /* DecodableDictionary.json */,
				FE190A24297702D4009B0C1D /* DecodableString.json */,
			);
			path = Fixtures;
			sourceTree = "<group>";
		};
		FE190A3329789242009B0C1D /* UltimatePortfolioFinalUITests */ = {
			isa = PBXGroup;
			children = (
				FE190A3429789242009B0C1D /* UltimatePortfolioFinalUITests.swift */,
				FE190A3629789242009B0C1D /* UltimatePortfolioFinalUITestsLaunchTests.swift */,
			);
			path = UltimatePortfolioFinalUITests;
			sourceTree = "<group>";
		};
		FECED19E2976723800A47C92 /* Extension */ = {
			isa = PBXGroup;
			children = (
				FECED15A29749D0B00A47C92 /* Bundle-Decodable.swift */,
				FECED1502974760300A47C92 /* Extensions-Sequence.swift */,
				FECED14E29743CE000A47C92 /* Binding-OnChange.swift */,
				FECED1602974A56F00A47C92 /* Color-Aditions.swift */,
				FED7C8CB297424600027AFBA /* Items-CoreData-Helpers.swift */,
				FED7C8CD297424B20027AFBA /* Projects-CoreData-Helpers.swift */,
			);
			path = Extension;
			sourceTree = "<group>";
		};
		FECED19F2976724900A47C92 /* Localizations */ = {
			isa = PBXGroup;
			children = (
				FECED16D2975063B00A47C92 /* Localizable.stringsdict */,
			);
			path = Localizations;
			sourceTree = "<group>";
		};
		FECED1A0297672A800A47C92 /* Configurations */ = {
			isa = PBXGroup;
			children = (
				FED7C8D029742DA80027AFBA /* Info.plist */,
				FE1423BA2974103A002EDE0E /* Main.xcdatamodeld */,
				FED7C8CF29742D9F0027AFBA /* UltimatePortfolioFinal.entitlements */,
			);
			path = Configurations;
			sourceTree = "<group>";
		};
		FECED1A12976798000A47C92 /* Home */ = {
			isa = PBXGroup;
			children = (
				FED7C8C729741EEE0027AFBA /* HomeView.swift */,
				FE6C8FCB297B24810059300A /* HomeViewModel.swift */,
				FECED17929751A8500A47C92 /* ItemListView.swift */,
				FECED17C2975D5F300A47C92 /* ProjectSummaryView.swift */,
			);
			path = Home;
			sourceTree = "<group>";
		};
		FECED1A22976798A00A47C92 /* Projects */ = {
			isa = PBXGroup;
			children = (
				FED7C8C929741F780027AFBA /* ProjectsView.swift */,
				FE6C8FC92979EEB90059300A /* ProjectsViewModel.swift */,
				FECED1562974999200A47C92 /* SelectSomethingView.swift */,
				FECED154297484F500A47C92 /* ProjectHeaderView.swift */,
				FECED14C297437ED00A47C92 /* ItemRowView.swift */,
				FE6C8FCD297BE0A60059300A /* ItemRowViewModell.swift */,
				FECED1522974843D00A47C92 /* EditProjectView.swift */,
				FECED14A2974343C00A47C92 /* EditItemView.swift */,
			);
			path = Projects;
			sourceTree = "<group>";
		};
		FECED1A32976799900A47C92 /* Awards */ = {
			isa = PBXGroup;
			children = (
				FECED15E29749E7600A47C92 /* AwardsView.swift */,
				FECED1682975060E00A47C92 /* Localizable.strings */,
				FECED15C29749DFB00A47C92 /* Award.swift */,
				FECED176297508F500A47C92 /* Awards.json */,
			);
			path = Awards;
			sourceTree = "<group>";
		};
/* End PBXGroup section */

/* Begin PBXNativeTarget section */
		FE1423A829740F5C002EDE0E /* UltimatePortfolioFinal */ = {
			isa = PBXNativeTarget;
			buildConfigurationList = FE1423B729740F5D002EDE0E /* Build configuration list for PBXNativeTarget "UltimatePortfolioFinal" */;
			buildPhases = (
				FE1423A529740F5C002EDE0E /* Sources */,
				FE1423A629740F5C002EDE0E /* Frameworks */,
				FE1423A729740F5C002EDE0E /* Resources */,
			);
			buildRules = (
			);
			dependencies = (
			);
			name = UltimatePortfolioFinal;
			productName = UltimatePortfolioFinal;
			productReference = FE1423A929740F5C002EDE0E /* UltimatePortfolioFinal.app */;
			productType = "com.apple.product-type.application";
		};
		FE190A152976D753009B0C1D /* UltimatePortfolioFinalTests */ = {
			isa = PBXNativeTarget;
			buildConfigurationList = FE190A1E2976D753009B0C1D /* Build configuration list for PBXNativeTarget "UltimatePortfolioFinalTests" */;
			buildPhases = (
				FE190A122976D753009B0C1D /* Sources */,
				FE190A132976D753009B0C1D /* Frameworks */,
				FE190A142976D753009B0C1D /* Resources */,
			);
			buildRules = (
			);
			dependencies = (
				FE190A1B2976D753009B0C1D /* PBXTargetDependency */,
			);
			name = UltimatePortfolioFinalTests;
			productName = UltimatePortfolioFinalTests;
			productReference = FE190A162976D753009B0C1D /* UltimatePortfolioFinalTests.xctest */;
			productType = "com.apple.product-type.bundle.unit-test";
		};
		FE190A3129789242009B0C1D /* UltimatePortfolioFinalUITests */ = {
			isa = PBXNativeTarget;
			buildConfigurationList = FE190A3A29789242009B0C1D /* Build configuration list for PBXNativeTarget "UltimatePortfolioFinalUITests" */;
			buildPhases = (
				FE190A2E29789242009B0C1D /* Sources */,
				FE190A2F29789242009B0C1D /* Frameworks */,
				FE190A3029789242009B0C1D /* Resources */,
			);
			buildRules = (
			);
			dependencies = (
				FE190A3929789242009B0C1D /* PBXTargetDependency */,
			);
			name = UltimatePortfolioFinalUITests;
			productName = UltimatePortfolioFinalUITests;
			productReference = FE190A3229789242009B0C1D /* UltimatePortfolioFinalUITests.xctest */;
			productType = "com.apple.product-type.bundle.ui-testing";
		};
/* End PBXNativeTarget section */

/* Begin PBXProject section */
		FE1423A129740F5C002EDE0E /* Project object */ = {
			isa = PBXProject;
			attributes = {
				BuildIndependentTargetsInParallel = 1;
				LastSwiftUpdateCheck = 1400;
				LastUpgradeCheck = 1400;
				TargetAttributes = {
					FE1423A829740F5C002EDE0E = {
						CreatedOnToolsVersion = 14.0;
					};
					FE190A152976D753009B0C1D = {
						CreatedOnToolsVersion = 14.0;
						TestTargetID = FE1423A829740F5C002EDE0E;
					};
					FE190A3129789242009B0C1D = {
						CreatedOnToolsVersion = 14.0;
						TestTargetID = FE1423A829740F5C002EDE0E;
					};
				};
			};
			buildConfigurationList = FE1423A429740F5C002EDE0E /* Build configuration list for PBXProject "UltimatePortfolioFinal" */;
			compatibilityVersion = "Xcode 14.0";
			developmentRegion = en;
			hasScannedForEncodings = 0;
			knownRegions = (
				en,
				Base,
				"en-GB",
				hu,
			);
			mainGroup = FE1423A029740F5C002EDE0E;
			productRefGroup = FE1423AA29740F5C002EDE0E /* Products */;
			projectDirPath = "";
			projectRoot = "";
			targets = (
				FE1423A829740F5C002EDE0E /* UltimatePortfolioFinal */,
				FE190A152976D753009B0C1D /* UltimatePortfolioFinalTests */,
				FE190A3129789242009B0C1D /* UltimatePortfolioFinalUITests */,
			);
		};
/* End PBXProject section */

/* Begin PBXResourcesBuildPhase section */
		FE1423A729740F5C002EDE0E /* Resources */ = {
			isa = PBXResourcesBuildPhase;
			buildActionMask = 2147483647;
			files = (
				FE1423B429740F5D002EDE0E /* Preview Assets.xcassets in Resources */,
				FECED1662975060E00A47C92 /* Localizable.strings in Resources */,
				FECED174297508F500A47C92 /* Awards.json in Resources */,
				FECED16B2975063B00A47C92 /* Localizable.stringsdict in Resources */,
				FE1423B129740F5D002EDE0E /* Assets.xcassets in Resources */,
			);
			runOnlyForDeploymentPostprocessing = 0;
		};
		FE190A142976D753009B0C1D /* Resources */ = {
			isa = PBXResourcesBuildPhase;
			buildActionMask = 2147483647;
			files = (
				FE190A25297702D4009B0C1D /* DecodableString.json in Resources */,
				FE190A2329770269009B0C1D /* DecodableDictionary.json in Resources */,
			);
			runOnlyForDeploymentPostprocessing = 0;
		};
		FE190A3029789242009B0C1D /* Resources */ = {
			isa = PBXResourcesBuildPhase;
			buildActionMask = 2147483647;
			files = (
			);
			runOnlyForDeploymentPostprocessing = 0;
		};
/* End PBXResourcesBuildPhase section */

/* Begin PBXSourcesBuildPhase section */
		FE1423A529740F5C002EDE0E /* Sources */ = {
			isa = PBXSourcesBuildPhase;
			buildActionMask = 2147483647;
			files = (
				FED7C8CA29741F780027AFBA /* ProjectsView.swift in Sources */,
				FECED17D2975D5F300A47C92 /* ProjectSummaryView.swift in Sources */,
				FE1423BC2974103A002EDE0E /* Main.xcdatamodeld in Sources */,
				FECED15F29749E7600A47C92 /* AwardsView.swift in Sources */,
				FE1423BE29741183002EDE0E /* DataController.swift in Sources */,
				FE6C8FCC297B24810059300A /* HomeViewModel.swift in Sources */,
				FE1423AF29740F5C002EDE0E /* ContentView.swift in Sources */,
				FECED1532974843D00A47C92 /* EditProjectView.swift in Sources */,
				FECED14D297437ED00A47C92 /* ItemRowView.swift in Sources */,
				FECED1572974999200A47C92 /* SelectSomethingView.swift in Sources */,
				FECED15D29749DFB00A47C92 /* Award.swift in Sources */,
				FECED14F29743CE000A47C92 /* Binding-OnChange.swift in Sources */,
				FED7C8CE297424B20027AFBA /* Projects-CoreData-Helpers.swift in Sources */,
				FED7C8CC297424600027AFBA /* Items-CoreData-Helpers.swift in Sources */,
				FED7C8C829741EEE0027AFBA /* HomeView.swift in Sources */,
				FECED15B29749D0B00A47C92 /* Bundle-Decodable.swift in Sources */,
				FECED1612974A56F00A47C92 /* Color-Aditions.swift in Sources */,
				FECED17A29751A8500A47C92 /* ItemListView.swift in Sources */,
				FE1423AD29740F5C002EDE0E /* UltimatePortfolioFinalApp.swift in Sources */,
				FECED1512974760300A47C92 /* Extensions-Sequence.swift in Sources */,
				FE6C8FCE297BE0A60059300A /* ItemRowViewModell.swift in Sources */,
				FECED14B2974343C00A47C92 /* EditItemView.swift in Sources */,
				FE6C8FCA2979EEB90059300A /* ProjectsViewModel.swift in Sources */,
				FECED155297484F500A47C92 /* ProjectHeaderView.swift in Sources */,
			);
			runOnlyForDeploymentPostprocessing = 0;
		};
		FE190A122976D753009B0C1D /* Sources */ = {
			isa = PBXSourcesBuildPhase;
			buildActionMask = 2147483647;
			files = (
				FE190A2D2977DD4F009B0C1D /* AssetsTest.swift in Sources */,
				FE190A2729770350009B0C1D /* PerformanceTest.swift in Sources */,
				FE190A2929770392009B0C1D /* DevelopementTest.swift in Sources */,
				FE190A2B2977C220009B0C1D /* AwardTests.swift in Sources */,
				FE190A192976D753009B0C1D /* UltimatePortfolioFinalTests.swift in Sources */,
				FE190A202976D7B5009B0C1D /* ExtensionTest.swift in Sources */,
			);
			runOnlyForDeploymentPostprocessing = 0;
		};
		FE190A2E29789242009B0C1D /* Sources */ = {
			isa = PBXSourcesBuildPhase;
			buildActionMask = 2147483647;
			files = (
				FE190A3529789242009B0C1D /* UltimatePortfolioFinalUITests.swift in Sources */,
				FE190A3729789242009B0C1D /* UltimatePortfolioFinalUITestsLaunchTests.swift in Sources */,
			);
			runOnlyForDeploymentPostprocessing = 0;
		};
/* End PBXSourcesBuildPhase section */

/* Begin PBXTargetDependency section */
		FE190A1B2976D753009B0C1D /* PBXTargetDependency */ = {
			isa = PBXTargetDependency;
			target = FE1423A829740F5C002EDE0E /* UltimatePortfolioFinal */;
			targetProxy = FE190A1A2976D753009B0C1D /* PBXContainerItemProxy */;
		};
		FE190A3929789242009B0C1D /* PBXTargetDependency */ = {
			isa = PBXTargetDependency;
			target = FE1423A829740F5C002EDE0E /* UltimatePortfolioFinal */;
			targetProxy = FE190A3829789242009B0C1D /* PBXContainerItemProxy */;
		};
/* End PBXTargetDependency section */

/* Begin PBXVariantGroup section */
		FECED1682975060E00A47C92 /* Localizable.strings */ = {
			isa = PBXVariantGroup;
			children = (
				FECED1672975060E00A47C92 /* en */,
				FECED16A2975062200A47C92 /* hu */,
			);
			name = Localizable.strings;
			sourceTree = "<group>";
		};
		FECED16D2975063B00A47C92 /* Localizable.stringsdict */ = {
			isa = PBXVariantGroup;
			children = (
				FECED16C2975063B00A47C92 /* en */,
				FECED16F2975064400A47C92 /* hu */,
			);
			name = Localizable.stringsdict;
			sourceTree = "<group>";
		};
		FECED176297508F500A47C92 /* Awards.json */ = {
			isa = PBXVariantGroup;
			children = (
				FECED175297508F500A47C92 /* en */,
				FECED1782975097500A47C92 /* hu */,
			);
			name = Awards.json;
			sourceTree = "<group>";
		};
/* End PBXVariantGroup section */

/* Begin XCBuildConfiguration section */
		FE1423B529740F5D002EDE0E /* Debug */ = {
			isa = XCBuildConfiguration;
			buildSettings = {
				ALWAYS_SEARCH_USER_PATHS = NO;
				CLANG_ANALYZER_NONNULL = YES;
				CLANG_ANALYZER_NUMBER_OBJECT_CONVERSION = YES_AGGRESSIVE;
				CLANG_CXX_LANGUAGE_STANDARD = "gnu++20";
				CLANG_ENABLE_MODULES = YES;
				CLANG_ENABLE_OBJC_ARC = YES;
				CLANG_ENABLE_OBJC_WEAK = YES;
				CLANG_WARN_BLOCK_CAPTURE_AUTORELEASING = YES;
				CLANG_WARN_BOOL_CONVERSION = YES;
				CLANG_WARN_COMMA = YES;
				CLANG_WARN_CONSTANT_CONVERSION = YES;
				CLANG_WARN_DEPRECATED_OBJC_IMPLEMENTATIONS = YES;
				CLANG_WARN_DIRECT_OBJC_ISA_USAGE = YES_ERROR;
				CLANG_WARN_DOCUMENTATION_COMMENTS = YES;
				CLANG_WARN_EMPTY_BODY = YES;
				CLANG_WARN_ENUM_CONVERSION = YES;
				CLANG_WARN_INFINITE_RECURSION = YES;
				CLANG_WARN_INT_CONVERSION = YES;
				CLANG_WARN_NON_LITERAL_NULL_CONVERSION = YES;
				CLANG_WARN_OBJC_IMPLICIT_RETAIN_SELF = YES;
				CLANG_WARN_OBJC_LITERAL_CONVERSION = YES;
				CLANG_WARN_OBJC_ROOT_CLASS = YES_ERROR;
				CLANG_WARN_QUOTED_INCLUDE_IN_FRAMEWORK_HEADER = YES;
				CLANG_WARN_RANGE_LOOP_ANALYSIS = YES;
				CLANG_WARN_STRICT_PROTOTYPES = YES;
				CLANG_WARN_SUSPICIOUS_MOVE = YES;
				CLANG_WARN_UNGUARDED_AVAILABILITY = YES_AGGRESSIVE;
				CLANG_WARN_UNREACHABLE_CODE = YES;
				CLANG_WARN__DUPLICATE_METHOD_MATCH = YES;
				COPY_PHASE_STRIP = NO;
				DEBUG_INFORMATION_FORMAT = dwarf;
				ENABLE_STRICT_OBJC_MSGSEND = YES;
				ENABLE_TESTABILITY = YES;
				GCC_C_LANGUAGE_STANDARD = gnu11;
				GCC_DYNAMIC_NO_PIC = NO;
				GCC_NO_COMMON_BLOCKS = YES;
				GCC_OPTIMIZATION_LEVEL = 0;
				GCC_PREPROCESSOR_DEFINITIONS = (
					"DEBUG=1",
					"$(inherited)",
				);
				GCC_WARN_64_TO_32_BIT_CONVERSION = YES;
				GCC_WARN_ABOUT_RETURN_TYPE = YES_ERROR;
				GCC_WARN_UNDECLARED_SELECTOR = YES;
				GCC_WARN_UNINITIALIZED_AUTOS = YES_AGGRESSIVE;
				GCC_WARN_UNUSED_FUNCTION = YES;
				GCC_WARN_UNUSED_VARIABLE = YES;
				IPHONEOS_DEPLOYMENT_TARGET = 16.0;
				MTL_ENABLE_DEBUG_INFO = INCLUDE_SOURCE;
				MTL_FAST_MATH = YES;
				ONLY_ACTIVE_ARCH = YES;
				SDKROOT = iphoneos;
				SWIFT_ACTIVE_COMPILATION_CONDITIONS = DEBUG;
				SWIFT_OPTIMIZATION_LEVEL = "-Onone";
			};
			name = Debug;
		};
		FE1423B629740F5D002EDE0E /* Release */ = {
			isa = XCBuildConfiguration;
			buildSettings = {
				ALWAYS_SEARCH_USER_PATHS = NO;
				CLANG_ANALYZER_NONNULL = YES;
				CLANG_ANALYZER_NUMBER_OBJECT_CONVERSION = YES_AGGRESSIVE;
				CLANG_CXX_LANGUAGE_STANDARD = "gnu++20";
				CLANG_ENABLE_MODULES = YES;
				CLANG_ENABLE_OBJC_ARC = YES;
				CLANG_ENABLE_OBJC_WEAK = YES;
				CLANG_WARN_BLOCK_CAPTURE_AUTORELEASING = YES;
				CLANG_WARN_BOOL_CONVERSION = YES;
				CLANG_WARN_COMMA = YES;
				CLANG_WARN_CONSTANT_CONVERSION = YES;
				CLANG_WARN_DEPRECATED_OBJC_IMPLEMENTATIONS = YES;
				CLANG_WARN_DIRECT_OBJC_ISA_USAGE = YES_ERROR;
				CLANG_WARN_DOCUMENTATION_COMMENTS = YES;
				CLANG_WARN_EMPTY_BODY = YES;
				CLANG_WARN_ENUM_CONVERSION = YES;
				CLANG_WARN_INFINITE_RECURSION = YES;
				CLANG_WARN_INT_CONVERSION = YES;
				CLANG_WARN_NON_LITERAL_NULL_CONVERSION = YES;
				CLANG_WARN_OBJC_IMPLICIT_RETAIN_SELF = YES;
				CLANG_WARN_OBJC_LITERAL_CONVERSION = YES;
				CLANG_WARN_OBJC_ROOT_CLASS = YES_ERROR;
				CLANG_WARN_QUOTED_INCLUDE_IN_FRAMEWORK_HEADER = YES;
				CLANG_WARN_RANGE_LOOP_ANALYSIS = YES;
				CLANG_WARN_STRICT_PROTOTYPES = YES;
				CLANG_WARN_SUSPICIOUS_MOVE = YES;
				CLANG_WARN_UNGUARDED_AVAILABILITY = YES_AGGRESSIVE;
				CLANG_WARN_UNREACHABLE_CODE = YES;
				CLANG_WARN__DUPLICATE_METHOD_MATCH = YES;
				COPY_PHASE_STRIP = NO;
				DEBUG_INFORMATION_FORMAT = "dwarf-with-dsym";
				ENABLE_NS_ASSERTIONS = NO;
				ENABLE_STRICT_OBJC_MSGSEND = YES;
				GCC_C_LANGUAGE_STANDARD = gnu11;
				GCC_NO_COMMON_BLOCKS = YES;
				GCC_WARN_64_TO_32_BIT_CONVERSION = YES;
				GCC_WARN_ABOUT_RETURN_TYPE = YES_ERROR;
				GCC_WARN_UNDECLARED_SELECTOR = YES;
				GCC_WARN_UNINITIALIZED_AUTOS = YES_AGGRESSIVE;
				GCC_WARN_UNUSED_FUNCTION = YES;
				GCC_WARN_UNUSED_VARIABLE = YES;
				IPHONEOS_DEPLOYMENT_TARGET = 16.0;
				MTL_ENABLE_DEBUG_INFO = NO;
				MTL_FAST_MATH = YES;
				SDKROOT = iphoneos;
				SWIFT_COMPILATION_MODE = wholemodule;
				SWIFT_OPTIMIZATION_LEVEL = "-O";
				VALIDATE_PRODUCT = YES;
			};
			name = Release;
		};
		FE1423B829740F5D002EDE0E /* Debug */ = {
			isa = XCBuildConfiguration;
			buildSettings = {
				ASSETCATALOG_COMPILER_APPICON_NAME = AppIcon;
				ASSETCATALOG_COMPILER_GLOBAL_ACCENT_COLOR_NAME = AccentColor;
				CODE_SIGN_ENTITLEMENTS = UltimatePortfolioFinal/Configurations/UltimatePortfolioFinal.entitlements;
				CODE_SIGN_STYLE = Automatic;
				CURRENT_PROJECT_VERSION = 1;
				DEVELOPMENT_ASSET_PATHS = "\"UltimatePortfolioFinal/Preview Content\"";
				DEVELOPMENT_TEAM = BPZ3AG5UR3;
				ENABLE_PREVIEWS = YES;
				GENERATE_INFOPLIST_FILE = YES;
				INFOPLIST_FILE = UltimatePortfolioFinal/Configurations/Info.plist;
				INFOPLIST_KEY_UIApplicationSceneManifest_Generation = YES;
				INFOPLIST_KEY_UIApplicationSupportsIndirectInputEvents = YES;
				INFOPLIST_KEY_UILaunchScreen_Generation = YES;
				INFOPLIST_KEY_UISupportedInterfaceOrientations_iPad = "UIInterfaceOrientationPortrait UIInterfaceOrientationPortraitUpsideDown UIInterfaceOrientationLandscapeLeft UIInterfaceOrientationLandscapeRight";
				INFOPLIST_KEY_UISupportedInterfaceOrientations_iPhone = "UIInterfaceOrientationPortrait UIInterfaceOrientationLandscapeLeft UIInterfaceOrientationLandscapeRight";
				LD_RUNPATH_SEARCH_PATHS = (
					"$(inherited)",
					"@executable_path/Frameworks",
				);
				MARKETING_VERSION = 1.0;
				PRODUCT_BUNDLE_IDENTIFIER = com.milanmach2.UltimatePortfolioFinal;
				PRODUCT_NAME = "$(TARGET_NAME)";
				SWIFT_EMIT_LOC_STRINGS = YES;
				SWIFT_VERSION = 5.0;
				TARGETED_DEVICE_FAMILY = "1,2";
			};
			name = Debug;
		};
		FE1423B929740F5D002EDE0E /* Release */ = {
			isa = XCBuildConfiguration;
			buildSettings = {
				ASSETCATALOG_COMPILER_APPICON_NAME = AppIcon;
				ASSETCATALOG_COMPILER_GLOBAL_ACCENT_COLOR_NAME = AccentColor;
				CODE_SIGN_ENTITLEMENTS = UltimatePortfolioFinal/Configurations/UltimatePortfolioFinal.entitlements;
				CODE_SIGN_STYLE = Automatic;
				CURRENT_PROJECT_VERSION = 1;
				DEVELOPMENT_ASSET_PATHS = "\"UltimatePortfolioFinal/Preview Content\"";
				DEVELOPMENT_TEAM = BPZ3AG5UR3;
				ENABLE_PREVIEWS = YES;
				GENERATE_INFOPLIST_FILE = YES;
				INFOPLIST_FILE = UltimatePortfolioFinal/Configurations/Info.plist;
				INFOPLIST_KEY_UIApplicationSceneManifest_Generation = YES;
				INFOPLIST_KEY_UIApplicationSupportsIndirectInputEvents = YES;
				INFOPLIST_KEY_UILaunchScreen_Generation = YES;
				INFOPLIST_KEY_UISupportedInterfaceOrientations_iPad = "UIInterfaceOrientationPortrait UIInterfaceOrientationPortraitUpsideDown UIInterfaceOrientationLandscapeLeft UIInterfaceOrientationLandscapeRight";
				INFOPLIST_KEY_UISupportedInterfaceOrientations_iPhone = "UIInterfaceOrientationPortrait UIInterfaceOrientationLandscapeLeft UIInterfaceOrientationLandscapeRight";
				LD_RUNPATH_SEARCH_PATHS = (
					"$(inherited)",
					"@executable_path/Frameworks",
				);
				MARKETING_VERSION = 1.0;
				PRODUCT_BUNDLE_IDENTIFIER = com.milanmach2.UltimatePortfolioFinal;
				PRODUCT_NAME = "$(TARGET_NAME)";
				SWIFT_EMIT_LOC_STRINGS = YES;
				SWIFT_VERSION = 5.0;
				TARGETED_DEVICE_FAMILY = "1,2";
			};
			name = Release;
		};
		FE190A1C2976D753009B0C1D /* Debug */ = {
			isa = XCBuildConfiguration;
			buildSettings = {
				BUNDLE_LOADER = "$(TEST_HOST)";
				CODE_SIGN_STYLE = Automatic;
				CURRENT_PROJECT_VERSION = 1;
				DEVELOPMENT_TEAM = BPZ3AG5UR3;
				GENERATE_INFOPLIST_FILE = YES;
				MARKETING_VERSION = 1.0;
				PRODUCT_BUNDLE_IDENTIFIER = com.milanmach2.UltimatePortfolioFinalTests;
				PRODUCT_NAME = "$(TARGET_NAME)";
				SWIFT_EMIT_LOC_STRINGS = NO;
				SWIFT_VERSION = 5.0;
				TARGETED_DEVICE_FAMILY = "1,2";
				TEST_HOST = "$(BUILT_PRODUCTS_DIR)/UltimatePortfolioFinal.app/$(BUNDLE_EXECUTABLE_FOLDER_PATH)/UltimatePortfolioFinal";
			};
			name = Debug;
		};
		FE190A1D2976D753009B0C1D /* Release */ = {
			isa = XCBuildConfiguration;
			buildSettings = {
				BUNDLE_LOADER = "$(TEST_HOST)";
				CODE_SIGN_STYLE = Automatic;
				CURRENT_PROJECT_VERSION = 1;
				DEVELOPMENT_TEAM = BPZ3AG5UR3;
				GENERATE_INFOPLIST_FILE = YES;
				MARKETING_VERSION = 1.0;
				PRODUCT_BUNDLE_IDENTIFIER = com.milanmach2.UltimatePortfolioFinalTests;
				PRODUCT_NAME = "$(TARGET_NAME)";
				SWIFT_EMIT_LOC_STRINGS = NO;
				SWIFT_VERSION = 5.0;
				TARGETED_DEVICE_FAMILY = "1,2";
				TEST_HOST = "$(BUILT_PRODUCTS_DIR)/UltimatePortfolioFinal.app/$(BUNDLE_EXECUTABLE_FOLDER_PATH)/UltimatePortfolioFinal";
			};
			name = Release;
		};
		FE190A3B29789242009B0C1D /* Debug */ = {
			isa = XCBuildConfiguration;
			buildSettings = {
				CODE_SIGN_STYLE = Automatic;
				CURRENT_PROJECT_VERSION = 1;
				DEVELOPMENT_TEAM = BPZ3AG5UR3;
				GENERATE_INFOPLIST_FILE = YES;
				MARKETING_VERSION = 1.0;
				PRODUCT_BUNDLE_IDENTIFIER = com.milanmach2.UltimatePortfolioFinalUITests;
				PRODUCT_NAME = "$(TARGET_NAME)";
				SWIFT_EMIT_LOC_STRINGS = NO;
				SWIFT_VERSION = 5.0;
				TARGETED_DEVICE_FAMILY = "1,2";
				TEST_TARGET_NAME = UltimatePortfolioFinal;
			};
			name = Debug;
		};
		FE190A3C29789242009B0C1D /* Release */ = {
			isa = XCBuildConfiguration;
			buildSettings = {
				CODE_SIGN_STYLE = Automatic;
				CURRENT_PROJECT_VERSION = 1;
				DEVELOPMENT_TEAM = BPZ3AG5UR3;
				GENERATE_INFOPLIST_FILE = YES;
				MARKETING_VERSION = 1.0;
				PRODUCT_BUNDLE_IDENTIFIER = com.milanmach2.UltimatePortfolioFinalUITests;
				PRODUCT_NAME = "$(TARGET_NAME)";
				SWIFT_EMIT_LOC_STRINGS = NO;
				SWIFT_VERSION = 5.0;
				TARGETED_DEVICE_FAMILY = "1,2";
				TEST_TARGET_NAME = UltimatePortfolioFinal;
			};
			name = Release;
		};
/* End XCBuildConfiguration section */

/* Begin XCConfigurationList section */
		FE1423A429740F5C002EDE0E /* Build configuration list for PBXProject "UltimatePortfolioFinal" */ = {
			isa = XCConfigurationList;
			buildConfigurations = (
				FE1423B529740F5D002EDE0E /* Debug */,
				FE1423B629740F5D002EDE0E /* Release */,
			);
			defaultConfigurationIsVisible = 0;
			defaultConfigurationName = Release;
		};
		FE1423B729740F5D002EDE0E /* Build configuration list for PBXNativeTarget "UltimatePortfolioFinal" */ = {
			isa = XCConfigurationList;
			buildConfigurations = (
				FE1423B829740F5D002EDE0E /* Debug */,
				FE1423B929740F5D002EDE0E /* Release */,
			);
			defaultConfigurationIsVisible = 0;
			defaultConfigurationName = Release;
		};
		FE190A1E2976D753009B0C1D /* Build configuration list for PBXNativeTarget "UltimatePortfolioFinalTests" */ = {
			isa = XCConfigurationList;
			buildConfigurations = (
				FE190A1C2976D753009B0C1D /* Debug */,
				FE190A1D2976D753009B0C1D /* Release */,
			);
			defaultConfigurationIsVisible = 0;
			defaultConfigurationName = Release;
		};
		FE190A3A29789242009B0C1D /* Build configuration list for PBXNativeTarget "UltimatePortfolioFinalUITests" */ = {
			isa = XCConfigurationList;
			buildConfigurations = (
				FE190A3B29789242009B0C1D /* Debug */,
				FE190A3C29789242009B0C1D /* Release */,
			);
			defaultConfigurationIsVisible = 0;
			defaultConfigurationName = Release;
		};
/* End XCConfigurationList section */

/* Begin XCVersionGroup section */
		FE1423BA2974103A002EDE0E /* Main.xcdatamodeld */ = {
			isa = XCVersionGroup;
			children = (
				FE1423BB2974103A002EDE0E /* Main.xcdatamodel */,
			);
			currentVersion = FE1423BB2974103A002EDE0E /* Main.xcdatamodel */;
			path = Main.xcdatamodeld;
			sourceTree = "<group>";
			versionGroupType = wrapper.xcdatamodel;
		};
/* End XCVersionGroup section */
	};
	rootObject = FE1423A129740F5C002EDE0E /* Project object */;
}
